
Microsoft Visual Studio Solution File, Format Version 12.00
# Visual Studio Version 17
VisualStudioVersion = 17.13.35806.99
MinimumVisualStudioVersion = 10.0.40219.1
Project("{FAE04EC0-301F-11D3-BF4B-00C04F79EFBC}") = "TechLibrary.Api", "TechLibrary.Api\TechLibrary.Api.csproj", "{E79685AB-2EBD-4081-BB89-A5AFD49B9197}"
EndProject
Project("{FAE04EC0-301F-11D3-BF4B-00C04F79EFBC}") = "TechLibrary.Communication", "TechLibrary.Communication\TechLibrary.Communication.csproj", "{61529026-B6F0-4B1E-87DB-67A467829F81}"
EndProject
Project("{FAE04EC0-301F-11D3-BF4B-00C04F79EFBC}") = "TechLibrary.Exception", "TechLibrary.Exception\TechLibrary.Exception.csproj", "{FC9B7FF2-A6E9-4833-BAA3-17735C38F481}"
EndProject
Project("{2150E333-8FDC-42A3-9474-1A3956D46DE8}") = "Solution Items", "Solution Items", "{8EC462FD-D22E-90A8-E5CE-7E832BA40C5D}"
	ProjectSection(SolutionItems) = preProject
		.gitignore = .gitignore
	EndProjectSection
EndProject
Global
	GlobalSection(SolutionConfigurationPlatforms) = preSolution
		Debug|Any CPU = Debug|Any CPU
		Release|Any CPU = Release|Any CPU
	EndGlobalSection
	GlobalSection(ProjectConfigurationPlatforms) = postSolution
		{E79685AB-2EBD-4081-BB89-A5AFD49B9197}.Debug|Any CPU.ActiveCfg = Debug|Any CPU
		{E79685AB-2EBD-4081-BB89-A5AFD49B9197}.Debug|Any CPU.Build.0 = Debug|Any CPU
		{E79685AB-2EBD-4081-BB89-A5AFD49B9197}.Release|Any CPU.ActiveCfg = Release|Any CPU
		{E79685AB-2EBD-4081-BB89-A5AFD49B9197}.Release|Any CPU.Build.0 = Release|Any CPU
		{61529026-B6F0-4B1E-87DB-67A467829F81}.Debug|Any CPU.ActiveCfg = Debug|Any CPU
		{61529026-B6F0-4B1E-87DB-67A467829F81}.Debug|Any CPU.Build.0 = Debug|Any CPU
		{61529026-B6F0-4B1E-87DB-67A467829F81}.Release|Any CPU.ActiveCfg = Release|Any CPU
		{61529026-B6F0-4B1E-87DB-67A467829F81}.Release|Any CPU.Build.0 = Release|Any CPU
		{FC9B7FF2-A6E9-4833-BAA3-17735C38F481}.Debug|Any CPU.ActiveCfg = Debug|Any CPU
		{FC9B7FF2-A6E9-4833-BAA3-17735C38F481}.Debug|Any CPU.Build.0 = Debug|Any CPU
		{FC9B7FF2-A6E9-4833-BAA3-17735C38F481}.Release|Any CPU.ActiveCfg = Release|Any CPU
		{FC9B7FF2-A6E9-4833-BAA3-17735C38F481}.Release|Any CPU.Build.0 = Release|Any CPU
	EndGlobalSection
	GlobalSection(SolutionProperties) = preSolution
		HideSolutionNode = FALSE
	EndGlobalSection
	GlobalSection(ExtensibilityGlobals) = postSolution
		SolutionGuid = {7BD4B150-604C-440C-997D-C946E8C960F3}
	EndGlobalSection
EndGlobal
